// !$*UTF8*$!
{
	archiveVersion = 1;
	classes = {
	};
	objectVersion = 46;
	objects = {

/* Begin PBXBuildFile section */
		3A997E911563E1E5003B81C4 /* UIKit.framework in Frameworks */ = {isa = PBXBuildFile; fileRef = 3A997E901563E1E5003B81C4 /* UIKit.framework */; };
		3A997E931563E1E5003B81C4 /* Foundation.framework in Frameworks */ = {isa = PBXBuildFile; fileRef = 3A997E921563E1E5003B81C4 /* Foundation.framework */; };
		3A997E951563E1E5003B81C4 /* CoreGraphics.framework in Frameworks */ = {isa = PBXBuildFile; fileRef = 3A997E941563E1E5003B81C4 /* CoreGraphics.framework */; };
		3A997E971563E1E5003B81C4 /* CoreData.framework in Frameworks */ = {isa = PBXBuildFile; fileRef = 3A997E961563E1E5003B81C4 /* CoreData.framework */; };
		3A997E9D1563E1E5003B81C4 /* InfoPlist.strings in Resources */ = {isa = PBXBuildFile; fileRef = 3A997E9B1563E1E5003B81C4 /* InfoPlist.strings */; };
		3A997E9F1563E1E5003B81C4 /* main.m in Sources */ = {isa = PBXBuildFile; fileRef = 3A997E9E1563E1E5003B81C4 /* main.m */; };
		3A997EA31563E1E5003B81C4 /* AppDelegate.m in Sources */ = {isa = PBXBuildFile; fileRef = 3A997EA21563E1E5003B81C4 /* AppDelegate.m */; };
		3A997EA61563E1E6003B81C4 /* MainStoryboard.storyboard in Resources */ = {isa = PBXBuildFile; fileRef = 3A997EA41563E1E6003B81C4 /* MainStoryboard.storyboard */; };
		3A997EA91563E1E6003B81C4 /* kanji.xcdatamodeld in Sources */ = {isa = PBXBuildFile; fileRef = 3A997EA71563E1E6003B81C4 /* kanji.xcdatamodeld */; };
		3A997EAC1563E1E6003B81C4 /* KanjiViewController.m in Sources */ = {isa = PBXBuildFile; fileRef = 3A997EAB1563E1E6003B81C4 /* KanjiViewController.m */; };
		3A997EAF1563E1E6003B81C4 /* DetailViewController.m in Sources */ = {isa = PBXBuildFile; fileRef = 3A997EAE1563E1E6003B81C4 /* DetailViewController.m */; };
		3A997EB71563E1E6003B81C4 /* SenTestingKit.framework in Frameworks */ = {isa = PBXBuildFile; fileRef = 3A997EB61563E1E6003B81C4 /* SenTestingKit.framework */; };
		3A997EB81563E1E6003B81C4 /* UIKit.framework in Frameworks */ = {isa = PBXBuildFile; fileRef = 3A997E901563E1E5003B81C4 /* UIKit.framework */; };
		3A997EB91563E1E6003B81C4 /* Foundation.framework in Frameworks */ = {isa = PBXBuildFile; fileRef = 3A997E921563E1E5003B81C4 /* Foundation.framework */; };
		3A997EBA1563E1E6003B81C4 /* CoreData.framework in Frameworks */ = {isa = PBXBuildFile; fileRef = 3A997E961563E1E5003B81C4 /* CoreData.framework */; };
		3A997EC21563E1E6003B81C4 /* InfoPlist.strings in Resources */ = {isa = PBXBuildFile; fileRef = 3A997EC01563E1E6003B81C4 /* InfoPlist.strings */; };
		3A997EC51563E1E6003B81C4 /* kanjiTests.m in Sources */ = {isa = PBXBuildFile; fileRef = 3A997EC41563E1E6003B81C4 /* kanjiTests.m */; };
		3A997EF61565F5C5003B81C4 /* Resolve.m in Sources */ = {isa = PBXBuildFile; fileRef = 3A997EF51565F5C5003B81C4 /* Resolve.m */; };
		3A997EFA15668C23003B81C4 /* Kanji.m in Sources */ = {isa = PBXBuildFile; fileRef = 3A997EF915668C22003B81C4 /* Kanji.m */; };
		3A997EFD1567EDCA003B81C4 /* kanji-seed.json in Resources */ = {isa = PBXBuildFile; fileRef = 3A997EFC1567EDCA003B81C4 /* kanji-seed.json */; };
		3A9A6F6D156B36160077857F /* MasterViewController.m in Sources */ = {isa = PBXBuildFile; fileRef = 3A9A6F6C156B36160077857F /* MasterViewController.m */; };
		3A9A6F72156D22230077857F /* 2000px-書.png in Resources */ = {isa = PBXBuildFile; fileRef = 3A9A6F71156D22230077857F /* 2000px-書.png */; };
		3A9A6F74156D22410077857F /* Default.png in Resources */ = {isa = PBXBuildFile; fileRef = 3A9A6F73156D22410077857F /* Default.png */; };
		3A9A6F76156D22670077857F /* Default@2x.png in Resources */ = {isa = PBXBuildFile; fileRef = 3A9A6F75156D22670077857F /* Default@2x.png */; };
		3A9A6F78156D24E10077857F /* icon.xcf in Resources */ = {isa = PBXBuildFile; fileRef = 3A9A6F77156D24E00077857F /* icon.xcf */; };
		3A9A6F7A156D25040077857F /* icon.png in Resources */ = {isa = PBXBuildFile; fileRef = 3A9A6F79156D25040077857F /* icon.png */; };
		3A9A6F7C156D254A0077857F /* icon-retina.png in Resources */ = {isa = PBXBuildFile; fileRef = 3A9A6F7B156D254A0077857F /* icon-retina.png */; };
		3A9A6F80156D6A130077857F /* icon-retina2.png in Resources */ = {isa = PBXBuildFile; fileRef = 3A9A6F7F156D6A120077857F /* icon-retina2.png */; };
		3A9A6F87156F20C40077857F /* KatakanaViewController.m in Sources */ = {isa = PBXBuildFile; fileRef = 3A9A6F86156F20C30077857F /* KatakanaViewController.m */; };
		ADB53ADF18285EEE00D2A243 /* HeaderView.m in Sources */ = {isa = PBXBuildFile; fileRef = ADB53ADE18285EEE00D2A243 /* HeaderView.m */; };
		ADBA628A18241C0E00E74E46 /* radicals.json in Resources */ = {isa = PBXBuildFile; fileRef = ADBA628918241C0E00E74E46 /* radicals.json */; };
		ADBA6290182463F700E74E46 /* Radical.m in Sources */ = {isa = PBXBuildFile; fileRef = ADBA628F182463F700E74E46 /* Radical.m */; };
		ADBA62941825853300E74E46 /* KanjiCollectionViewController.m in Sources */ = {isa = PBXBuildFile; fileRef = ADBA62931825853300E74E46 /* KanjiCollectionViewController.m */; };
		ADBA62991828408400E74E46 /* KanjiCell.m in Sources */ = {isa = PBXBuildFile; fileRef = ADBA62981828408400E74E46 /* KanjiCell.m */; };
		ADBA629C1828409400E74E46 /* RadicalCell.m in Sources */ = {isa = PBXBuildFile; fileRef = ADBA629B1828409400E74E46 /* RadicalCell.m */; };
		ADBA629F1828418000E74E46 /* DataSource.m in Sources */ = {isa = PBXBuildFile; fileRef = ADBA629E1828418000E74E46 /* DataSource.m */; };
/* End PBXBuildFile section */

/* Begin PBXContainerItemProxy section */
		3A997EBB1563E1E6003B81C4 /* PBXContainerItemProxy */ = {
			isa = PBXContainerItemProxy;
			containerPortal = 3A997E831563E1E5003B81C4 /* Project object */;
			proxyType = 1;
			remoteGlobalIDString = 3A997E8B1563E1E5003B81C4;
			remoteInfo = kanji;
		};
/* End PBXContainerItemProxy section */

/* Begin PBXFileReference section */
		3A997E8C1563E1E5003B81C4 /* kanji.app */ = {isa = PBXFileReference; explicitFileType = wrapper.application; includeInIndex = 0; path = kanji.app; sourceTree = BUILT_PRODUCTS_DIR; };
		3A997E901563E1E5003B81C4 /* UIKit.framework */ = {isa = PBXFileReference; lastKnownFileType = wrapper.framework; name = UIKit.framework; path = System/Library/Frameworks/UIKit.framework; sourceTree = SDKROOT; };
		3A997E921563E1E5003B81C4 /* Foundation.framework */ = {isa = PBXFileReference; lastKnownFileType = wrapper.framework; name = Foundation.framework; path = System/Library/Frameworks/Foundation.framework; sourceTree = SDKROOT; };
		3A997E941563E1E5003B81C4 /* CoreGraphics.framework */ = {isa = PBXFileReference; lastKnownFileType = wrapper.framework; name = CoreGraphics.framework; path = System/Library/Frameworks/CoreGraphics.framework; sourceTree = SDKROOT; };
		3A997E961563E1E5003B81C4 /* CoreData.framework */ = {isa = PBXFileReference; lastKnownFileType = wrapper.framework; name = CoreData.framework; path = System/Library/Frameworks/CoreData.framework; sourceTree = SDKROOT; };
		3A997E9A1563E1E5003B81C4 /* kanji-Info.plist */ = {isa = PBXFileReference; lastKnownFileType = text.plist.xml; path = "kanji-Info.plist"; sourceTree = "<group>"; };
		3A997E9C1563E1E5003B81C4 /* en */ = {isa = PBXFileReference; lastKnownFileType = text.plist.strings; name = en; path = en.lproj/InfoPlist.strings; sourceTree = "<group>"; };
		3A997E9E1563E1E5003B81C4 /* main.m */ = {isa = PBXFileReference; lastKnownFileType = sourcecode.c.objc; path = main.m; sourceTree = "<group>"; };
		3A997EA01563E1E5003B81C4 /* kanji-Prefix.pch */ = {isa = PBXFileReference; lastKnownFileType = sourcecode.c.h; path = "kanji-Prefix.pch"; sourceTree = "<group>"; };
		3A997EA11563E1E5003B81C4 /* AppDelegate.h */ = {isa = PBXFileReference; lastKnownFileType = sourcecode.c.h; path = AppDelegate.h; sourceTree = "<group>"; };
		3A997EA21563E1E5003B81C4 /* AppDelegate.m */ = {isa = PBXFileReference; lastKnownFileType = sourcecode.c.objc; path = AppDelegate.m; sourceTree = "<group>"; };
		3A997EA51563E1E6003B81C4 /* en */ = {isa = PBXFileReference; lastKnownFileType = file.storyboard; name = en; path = en.lproj/MainStoryboard.storyboard; sourceTree = "<group>"; };
		3A997EA81563E1E6003B81C4 /* kanji.xcdatamodel */ = {isa = PBXFileReference; lastKnownFileType = wrapper.xcdatamodel; path = kanji.xcdatamodel; sourceTree = "<group>"; };
		3A997EAA1563E1E6003B81C4 /* KanjiViewController.h */ = {isa = PBXFileReference; lastKnownFileType = sourcecode.c.h; path = KanjiViewController.h; sourceTree = "<group>"; };
		3A997EAB1563E1E6003B81C4 /* KanjiViewController.m */ = {isa = PBXFileReference; lastKnownFileType = sourcecode.c.objc; path = KanjiViewController.m; sourceTree = "<group>"; };
		3A997EAD1563E1E6003B81C4 /* DetailViewController.h */ = {isa = PBXFileReference; lastKnownFileType = sourcecode.c.h; path = DetailViewController.h; sourceTree = "<group>"; };
		3A997EAE1563E1E6003B81C4 /* DetailViewController.m */ = {isa = PBXFileReference; lastKnownFileType = sourcecode.c.objc; path = DetailViewController.m; sourceTree = "<group>"; };
		3A997EB51563E1E6003B81C4 /* kanjiTests.octest */ = {isa = PBXFileReference; explicitFileType = wrapper.cfbundle; includeInIndex = 0; path = kanjiTests.octest; sourceTree = BUILT_PRODUCTS_DIR; };
		3A997EB61563E1E6003B81C4 /* SenTestingKit.framework */ = {isa = PBXFileReference; lastKnownFileType = wrapper.framework; name = SenTestingKit.framework; path = Library/Frameworks/SenTestingKit.framework; sourceTree = DEVELOPER_DIR; };
		3A997EBF1563E1E6003B81C4 /* kanjiTests-Info.plist */ = {isa = PBXFileReference; lastKnownFileType = text.plist.xml; path = "kanjiTests-Info.plist"; sourceTree = "<group>"; };
		3A997EC11563E1E6003B81C4 /* en */ = {isa = PBXFileReference; lastKnownFileType = text.plist.strings; name = en; path = en.lproj/InfoPlist.strings; sourceTree = "<group>"; };
		3A997EC31563E1E6003B81C4 /* kanjiTests.h */ = {isa = PBXFileReference; lastKnownFileType = sourcecode.c.h; path = kanjiTests.h; sourceTree = "<group>"; };
		3A997EC41563E1E6003B81C4 /* kanjiTests.m */ = {isa = PBXFileReference; lastKnownFileType = sourcecode.c.objc; path = kanjiTests.m; sourceTree = "<group>"; };
		3A997ECE1563E35E003B81C4 /* ja */ = {isa = PBXFileReference; lastKnownFileType = file.storyboard; name = ja; path = ja.lproj/MainStoryboard.storyboard; sourceTree = "<group>"; };
		3A997EF41565F5C5003B81C4 /* Resolve.h */ = {isa = PBXFileReference; fileEncoding = 4; lastKnownFileType = sourcecode.c.h; path = Resolve.h; sourceTree = "<group>"; };
		3A997EF51565F5C5003B81C4 /* Resolve.m */ = {isa = PBXFileReference; fileEncoding = 4; lastKnownFileType = sourcecode.c.objc; path = Resolve.m; sourceTree = "<group>"; };
		3A997EF815668C22003B81C4 /* Kanji.h */ = {isa = PBXFileReference; fileEncoding = 4; lastKnownFileType = sourcecode.c.h; path = Kanji.h; sourceTree = "<group>"; };
		3A997EF915668C22003B81C4 /* Kanji.m */ = {isa = PBXFileReference; fileEncoding = 4; lastKnownFileType = sourcecode.c.objc; path = Kanji.m; sourceTree = "<group>"; };
		3A997EFC1567EDCA003B81C4 /* kanji-seed.json */ = {isa = PBXFileReference; fileEncoding = 4; lastKnownFileType = text.json; path = "kanji-seed.json"; sourceTree = "<group>"; };
		3A9A6F6B156B36160077857F /* MasterViewController.h */ = {isa = PBXFileReference; fileEncoding = 4; lastKnownFileType = sourcecode.c.h; name = MasterViewController.h; path = ../MasterViewController.h; sourceTree = "<group>"; };
		3A9A6F6C156B36160077857F /* MasterViewController.m */ = {isa = PBXFileReference; fileEncoding = 4; lastKnownFileType = sourcecode.c.objc; name = MasterViewController.m; path = ../MasterViewController.m; sourceTree = "<group>"; };
		3A9A6F71156D22230077857F /* 2000px-書.png */ = {isa = PBXFileReference; lastKnownFileType = image.png; path = "2000px-書.png"; sourceTree = "<group>"; };
		3A9A6F73156D22410077857F /* Default.png */ = {isa = PBXFileReference; lastKnownFileType = image.png; name = Default.png; path = ../Default.png; sourceTree = "<group>"; };
		3A9A6F75156D22670077857F /* Default@2x.png */ = {isa = PBXFileReference; lastKnownFileType = image.png; name = "Default@2x.png"; path = "../Default@2x.png"; sourceTree = "<group>"; };
		3A9A6F77156D24E00077857F /* icon.xcf */ = {isa = PBXFileReference; lastKnownFileType = file; name = icon.xcf; path = ../icon.xcf; sourceTree = "<group>"; };
		3A9A6F79156D25040077857F /* icon.png */ = {isa = PBXFileReference; lastKnownFileType = image.png; name = icon.png; path = ../icon.png; sourceTree = "<group>"; };
		3A9A6F7B156D254A0077857F /* icon-retina.png */ = {isa = PBXFileReference; lastKnownFileType = image.png; name = "icon-retina.png"; path = "../icon-retina.png"; sourceTree = "<group>"; };
		3A9A6F7F156D6A120077857F /* icon-retina2.png */ = {isa = PBXFileReference; lastKnownFileType = image.png; name = "icon-retina2.png"; path = "../icon-retina2.png"; sourceTree = "<group>"; };
		3A9A6F85156F20C20077857F /* KatakanaViewController.h */ = {isa = PBXFileReference; fileEncoding = 4; lastKnownFileType = sourcecode.c.h; path = KatakanaViewController.h; sourceTree = "<group>"; };
		3A9A6F86156F20C30077857F /* KatakanaViewController.m */ = {isa = PBXFileReference; fileEncoding = 4; lastKnownFileType = sourcecode.c.objc; path = KatakanaViewController.m; sourceTree = "<group>"; };
		ADB53ADD18285EEE00D2A243 /* HeaderView.h */ = {isa = PBXFileReference; fileEncoding = 4; lastKnownFileType = sourcecode.c.h; name = HeaderView.h; path = views/HeaderView.h; sourceTree = "<group>"; };
		ADB53ADE18285EEE00D2A243 /* HeaderView.m */ = {isa = PBXFileReference; fileEncoding = 4; lastKnownFileType = sourcecode.c.objc; name = HeaderView.m; path = views/HeaderView.m; sourceTree = "<group>"; };
		ADBA628918241C0E00E74E46 /* radicals.json */ = {isa = PBXFileReference; fileEncoding = 4; lastKnownFileType = text.json; path = radicals.json; sourceTree = "<group>"; };
		ADBA628E182463F700E74E46 /* Radical.h */ = {isa = PBXFileReference; fileEncoding = 4; lastKnownFileType = sourcecode.c.h; name = Radical.h; path = kanji/models/Radical.h; sourceTree = "<group>"; };
		ADBA628F182463F700E74E46 /* Radical.m */ = {isa = PBXFileReference; fileEncoding = 4; lastKnownFileType = sourcecode.c.objc; name = Radical.m; path = kanji/models/Radical.m; sourceTree = "<group>"; };
		ADBA62921825853300E74E46 /* KanjiCollectionViewController.h */ = {isa = PBXFileReference; fileEncoding = 4; lastKnownFileType = sourcecode.c.h; name = KanjiCollectionViewController.h; path = Controllers/KanjiCollectionViewController.h; sourceTree = "<group>"; };
		ADBA62931825853300E74E46 /* KanjiCollectionViewController.m */ = {isa = PBXFileReference; fileEncoding = 4; lastKnownFileType = sourcecode.c.objc; name = KanjiCollectionViewController.m; path = Controllers/KanjiCollectionViewController.m; sourceTree = "<group>"; };
		ADBA62971828408400E74E46 /* KanjiCell.h */ = {isa = PBXFileReference; fileEncoding = 4; lastKnownFileType = sourcecode.c.h; name = KanjiCell.h; path = views/KanjiCell.h; sourceTree = "<group>"; };
		ADBA62981828408400E74E46 /* KanjiCell.m */ = {isa = PBXFileReference; fileEncoding = 4; lastKnownFileType = sourcecode.c.objc; name = KanjiCell.m; path = views/KanjiCell.m; sourceTree = "<group>"; };
		ADBA629A1828409400E74E46 /* RadicalCell.h */ = {isa = PBXFileReference; fileEncoding = 4; lastKnownFileType = sourcecode.c.h; name = RadicalCell.h; path = views/RadicalCell.h; sourceTree = "<group>"; };
		ADBA629B1828409400E74E46 /* RadicalCell.m */ = {isa = PBXFileReference; fileEncoding = 4; lastKnownFileType = sourcecode.c.objc; name = RadicalCell.m; path = views/RadicalCell.m; sourceTree = "<group>"; };
		ADBA629D1828418000E74E46 /* DataSource.h */ = {isa = PBXFileReference; fileEncoding = 4; lastKnownFileType = sourcecode.c.h; name = DataSource.h; path = kanji/models/DataSource.h; sourceTree = "<group>"; };
		ADBA629E1828418000E74E46 /* DataSource.m */ = {isa = PBXFileReference; fileEncoding = 4; lastKnownFileType = sourcecode.c.objc; name = DataSource.m; path = kanji/models/DataSource.m; sourceTree = "<group>"; };
/* End PBXFileReference section */

/* Begin PBXFrameworksBuildPhase section */
		3A997E891563E1E5003B81C4 /* Frameworks */ = {
			isa = PBXFrameworksBuildPhase;
			buildActionMask = 2147483647;
			files = (
				3A997E911563E1E5003B81C4 /* UIKit.framework in Frameworks */,
				3A997E931563E1E5003B81C4 /* Foundation.framework in Frameworks */,
				3A997E951563E1E5003B81C4 /* CoreGraphics.framework in Frameworks */,
				3A997E971563E1E5003B81C4 /* CoreData.framework in Frameworks */,
			);
			runOnlyForDeploymentPostprocessing = 0;
		};
		3A997EB11563E1E6003B81C4 /* Frameworks */ = {
			isa = PBXFrameworksBuildPhase;
			buildActionMask = 2147483647;
			files = (
				3A997EB71563E1E6003B81C4 /* SenTestingKit.framework in Frameworks */,
				3A997EB81563E1E6003B81C4 /* UIKit.framework in Frameworks */,
				3A997EB91563E1E6003B81C4 /* Foundation.framework in Frameworks */,
				3A997EBA1563E1E6003B81C4 /* CoreData.framework in Frameworks */,
			);
			runOnlyForDeploymentPostprocessing = 0;
		};
/* End PBXFrameworksBuildPhase section */

/* Begin PBXGroup section */
		3A997E811563E1E5003B81C4 = {
			isa = PBXGroup;
			children = (
				3A997E981563E1E5003B81C4 /* kanji */,
				3A997EEB1565F532003B81C4 /* ParseCSV */,
				3A997EBD1563E1E6003B81C4 /* kanjiTests */,
				3A997E8F1563E1E5003B81C4 /* Frameworks */,
				3A997E8D1563E1E5003B81C4 /* Products */,
			);
			sourceTree = "<group>";
		};
		3A997E8D1563E1E5003B81C4 /* Products */ = {
			isa = PBXGroup;
			children = (
				3A997E8C1563E1E5003B81C4 /* kanji.app */,
				3A997EB51563E1E6003B81C4 /* kanjiTests.octest */,
			);
			name = Products;
			sourceTree = "<group>";
		};
		3A997E8F1563E1E5003B81C4 /* Frameworks */ = {
			isa = PBXGroup;
			children = (
				3A997E901563E1E5003B81C4 /* UIKit.framework */,
				3A997E921563E1E5003B81C4 /* Foundation.framework */,
				3A997E941563E1E5003B81C4 /* CoreGraphics.framework */,
				3A997E961563E1E5003B81C4 /* CoreData.framework */,
				3A997EB61563E1E6003B81C4 /* SenTestingKit.framework */,
			);
			name = Frameworks;
			sourceTree = "<group>";
		};
		3A997E981563E1E5003B81C4 /* kanji */ = {
			isa = PBXGroup;
			children = (
				ADBA62961828404700E74E46 /* Views */,
				3A997EA11563E1E5003B81C4 /* AppDelegate.h */,
				3A997EA21563E1E5003B81C4 /* AppDelegate.m */,
				ADBA629118257DC200E74E46 /* Controllers */,
				3A997EA71563E1E6003B81C4 /* kanji.xcdatamodeld */,
				3A997EA41563E1E6003B81C4 /* MainStoryboard.storyboard */,
				3A997EFB15668C2A003B81C4 /* Models */,
				ADBA62951828400800E74E46 /* Resources */,
				3A997E991563E1E5003B81C4 /* Supporting Files */,
			);
			path = kanji;
			sourceTree = "<group>";
		};
		3A997E991563E1E5003B81C4 /* Supporting Files */ = {
			isa = PBXGroup;
			children = (
				3A9A6F71156D22230077857F /* 2000px-書.png */,
				3A997E9A1563E1E5003B81C4 /* kanji-Info.plist */,
				3A997E9B1563E1E5003B81C4 /* InfoPlist.strings */,
				3A997E9E1563E1E5003B81C4 /* main.m */,
				3A997EA01563E1E5003B81C4 /* kanji-Prefix.pch */,
			);
			name = "Supporting Files";
			sourceTree = "<group>";
		};
		3A997EBD1563E1E6003B81C4 /* kanjiTests */ = {
			isa = PBXGroup;
			children = (
				3A997EC31563E1E6003B81C4 /* kanjiTests.h */,
				3A997EC41563E1E6003B81C4 /* kanjiTests.m */,
				3A997EBE1563E1E6003B81C4 /* Supporting Files */,
			);
			path = kanjiTests;
			sourceTree = "<group>";
		};
		3A997EBE1563E1E6003B81C4 /* Supporting Files */ = {
			isa = PBXGroup;
			children = (
				3A997EBF1563E1E6003B81C4 /* kanjiTests-Info.plist */,
				3A997EC01563E1E6003B81C4 /* InfoPlist.strings */,
			);
			name = "Supporting Files";
			sourceTree = "<group>";
		};
		3A997EEB1565F532003B81C4 /* ParseCSV */ = {
			isa = PBXGroup;
			children = (
				3A997EF41565F5C5003B81C4 /* Resolve.h */,
				3A997EF51565F5C5003B81C4 /* Resolve.m */,
			);
			name = ParseCSV;
			path = kanji;
			sourceTree = "<group>";
		};
		3A997EFB15668C2A003B81C4 /* Models */ = {
			isa = PBXGroup;
			children = (
				3A997EF815668C22003B81C4 /* Kanji.h */,
				3A997EF915668C22003B81C4 /* Kanji.m */,
				ADBA628E182463F700E74E46 /* Radical.h */,
				ADBA628F182463F700E74E46 /* Radical.m */,
				ADBA629D1828418000E74E46 /* DataSource.h */,
				ADBA629E1828418000E74E46 /* DataSource.m */,
			);
			name = Models;
			path = ..;
			sourceTree = "<group>";
		};
		ADBA629118257DC200E74E46 /* Controllers */ = {
			isa = PBXGroup;
			children = (
				3A997EAA1563E1E6003B81C4 /* KanjiViewController.h */,
				3A997EAB1563E1E6003B81C4 /* KanjiViewController.m */,
				3A9A6F6B156B36160077857F /* MasterViewController.h */,
				3A9A6F6C156B36160077857F /* MasterViewController.m */,
				3A997EAD1563E1E6003B81C4 /* DetailViewController.h */,
				3A997EAE1563E1E6003B81C4 /* DetailViewController.m */,
				3A9A6F85156F20C20077857F /* KatakanaViewController.h */,
				3A9A6F86156F20C30077857F /* KatakanaViewController.m */,
				ADBA62921825853300E74E46 /* KanjiCollectionViewController.h */,
				ADBA62931825853300E74E46 /* KanjiCollectionViewController.m */,
			);
			name = Controllers;
			sourceTree = "<group>";
		};
		ADBA62951828400800E74E46 /* Resources */ = {
			isa = PBXGroup;
			children = (
				3A9A6F7F156D6A120077857F /* icon-retina2.png */,
				3A9A6F7B156D254A0077857F /* icon-retina.png */,
				3A9A6F79156D25040077857F /* icon.png */,
				3A9A6F77156D24E00077857F /* icon.xcf */,
				3A9A6F75156D22670077857F /* Default@2x.png */,
				3A9A6F73156D22410077857F /* Default.png */,
				3A997EFC1567EDCA003B81C4 /* kanji-seed.json */,
				ADBA628918241C0E00E74E46 /* radicals.json */,
			);
			name = Resources;
			sourceTree = "<group>";
		};
		ADBA62961828404700E74E46 /* Views */ = {
			isa = PBXGroup;
			children = (
				ADBA62971828408400E74E46 /* KanjiCell.h */,
				ADBA62981828408400E74E46 /* KanjiCell.m */,
				ADBA629A1828409400E74E46 /* RadicalCell.h */,
				ADBA629B1828409400E74E46 /* RadicalCell.m */,
				ADB53ADD18285EEE00D2A243 /* HeaderView.h */,
				ADB53ADE18285EEE00D2A243 /* HeaderView.m */,
			);
			name = Views;
			sourceTree = "<group>";
		};
/* End PBXGroup section */

/* Begin PBXNativeTarget section */
		3A997E8B1563E1E5003B81C4 /* kanji */ = {
			isa = PBXNativeTarget;
			buildConfigurationList = 3A997EC81563E1E6003B81C4 /* Build configuration list for PBXNativeTarget "kanji" */;
			buildPhases = (
				3A997E881563E1E5003B81C4 /* Sources */,
				3A997E891563E1E5003B81C4 /* Frameworks */,
				3A997E8A1563E1E5003B81C4 /* Resources */,
			);
			buildRules = (
			);
			dependencies = (
			);
			name = kanji;
			productName = kanji;
			productReference = 3A997E8C1563E1E5003B81C4 /* kanji.app */;
			productType = "com.apple.product-type.application";
		};
		3A997EB41563E1E6003B81C4 /* kanjiTests */ = {
			isa = PBXNativeTarget;
			buildConfigurationList = 3A997ECB1563E1E6003B81C4 /* Build configuration list for PBXNativeTarget "kanjiTests" */;
			buildPhases = (
				3A997EB01563E1E6003B81C4 /* Sources */,
				3A997EB11563E1E6003B81C4 /* Frameworks */,
				3A997EB21563E1E6003B81C4 /* Resources */,
				3A997EB31563E1E6003B81C4 /* ShellScript */,
			);
			buildRules = (
			);
			dependencies = (
				3A997EBC1563E1E6003B81C4 /* PBXTargetDependency */,
			);
			name = kanjiTests;
			productName = kanjiTests;
			productReference = 3A997EB51563E1E6003B81C4 /* kanjiTests.octest */;
			productType = "com.apple.product-type.bundle";
		};
/* End PBXNativeTarget section */

/* Begin PBXProject section */
		3A997E831563E1E5003B81C4 /* Project object */ = {
			isa = PBXProject;
			attributes = {
				LastUpgradeCheck = 0430;
			};
			buildConfigurationList = 3A997E861563E1E5003B81C4 /* Build configuration list for PBXProject "kanji" */;
			compatibilityVersion = "Xcode 3.2";
			developmentRegion = English;
			hasScannedForEncodings = 0;
			knownRegions = (
				en,
				ja,
			);
			mainGroup = 3A997E811563E1E5003B81C4;
			productRefGroup = 3A997E8D1563E1E5003B81C4 /* Products */;
			projectDirPath = "";
			projectRoot = "";
			targets = (
				3A997E8B1563E1E5003B81C4 /* kanji */,
				3A997EB41563E1E6003B81C4 /* kanjiTests */,
			);
		};
/* End PBXProject section */

/* Begin PBXResourcesBuildPhase section */
		3A997E8A1563E1E5003B81C4 /* Resources */ = {
			isa = PBXResourcesBuildPhase;
			buildActionMask = 2147483647;
			files = (
				3A997E9D1563E1E5003B81C4 /* InfoPlist.strings in Resources */,
				3A997EA61563E1E6003B81C4 /* MainStoryboard.storyboard in Resources */,
				3A997EFD1567EDCA003B81C4 /* kanji-seed.json in Resources */,
				3A9A6F72156D22230077857F /* 2000px-書.png in Resources */,
				3A9A6F74156D22410077857F /* Default.png in Resources */,
				3A9A6F76156D22670077857F /* Default@2x.png in Resources */,
				3A9A6F78156D24E10077857F /* icon.xcf in Resources */,
				3A9A6F7A156D25040077857F /* icon.png in Resources */,
				3A9A6F7C156D254A0077857F /* icon-retina.png in Resources */,
				3A9A6F80156D6A130077857F /* icon-retina2.png in Resources */,
				ADBA628A18241C0E00E74E46 /* radicals.json in Resources */,
			);
			runOnlyForDeploymentPostprocessing = 0;
		};
		3A997EB21563E1E6003B81C4 /* Resources */ = {
			isa = PBXResourcesBuildPhase;
			buildActionMask = 2147483647;
			files = (
				3A997EC21563E1E6003B81C4 /* InfoPlist.strings in Resources */,
			);
			runOnlyForDeploymentPostprocessing = 0;
		};
/* End PBXResourcesBuildPhase section */

/* Begin PBXShellScriptBuildPhase section */
		3A997EB31563E1E6003B81C4 /* ShellScript */ = {
			isa = PBXShellScriptBuildPhase;
			buildActionMask = 2147483647;
			files = (
			);
			inputPaths = (
			);
			outputPaths = (
			);
			runOnlyForDeploymentPostprocessing = 0;
			shellPath = /bin/sh;
			shellScript = "# Run the unit tests in this test bundle.\n\"${SYSTEM_DEVELOPER_DIR}/Tools/RunUnitTests\"\n";
		};
/* End PBXShellScriptBuildPhase section */

/* Begin PBXSourcesBuildPhase section */
		3A997E881563E1E5003B81C4 /* Sources */ = {
			isa = PBXSourcesBuildPhase;
			buildActionMask = 2147483647;
			files = (
				3A997E9F1563E1E5003B81C4 /* main.m in Sources */,
				ADB53ADF18285EEE00D2A243 /* HeaderView.m in Sources */,
				3A997EA31563E1E5003B81C4 /* AppDelegate.m in Sources */,
				ADBA6290182463F700E74E46 /* Radical.m in Sources */,
				3A997EA91563E1E6003B81C4 /* kanji.xcdatamodeld in Sources */,
				ADBA629F1828418000E74E46 /* DataSource.m in Sources */,
				3A997EAC1563E1E6003B81C4 /* KanjiViewController.m in Sources */,
				3A997EAF1563E1E6003B81C4 /* DetailViewController.m in Sources */,
				3A997EF61565F5C5003B81C4 /* Resolve.m in Sources */,
				3A997EFA15668C23003B81C4 /* Kanji.m in Sources */,
				3A9A6F6D156B36160077857F /* MasterViewController.m in Sources */,
				ADBA629C1828409400E74E46 /* RadicalCell.m in Sources */,
				3A9A6F87156F20C40077857F /* KatakanaViewController.m in Sources */,
				ADBA62941825853300E74E46 /* KanjiCollectionViewController.m in Sources */,
				ADBA62991828408400E74E46 /* KanjiCell.m in Sources */,
			);
			runOnlyForDeploymentPostprocessing = 0;
		};
		3A997EB01563E1E6003B81C4 /* Sources */ = {
			isa = PBXSourcesBuildPhase;
			buildActionMask = 2147483647;
			files = (
				3A997EC51563E1E6003B81C4 /* kanjiTests.m in Sources */,
			);
			runOnlyForDeploymentPostprocessing = 0;
		};
/* End PBXSourcesBuildPhase section */

/* Begin PBXTargetDependency section */
		3A997EBC1563E1E6003B81C4 /* PBXTargetDependency */ = {
			isa = PBXTargetDependency;
			target = 3A997E8B1563E1E5003B81C4 /* kanji */;
			targetProxy = 3A997EBB1563E1E6003B81C4 /* PBXContainerItemProxy */;
		};
/* End PBXTargetDependency section */

/* Begin PBXVariantGroup section */
		3A997E9B1563E1E5003B81C4 /* InfoPlist.strings */ = {
			isa = PBXVariantGroup;
			children = (
				3A997E9C1563E1E5003B81C4 /* en */,
			);
			name = InfoPlist.strings;
			sourceTree = "<group>";
		};
		3A997EA41563E1E6003B81C4 /* MainStoryboard.storyboard */ = {
			isa = PBXVariantGroup;
			children = (
				3A997EA51563E1E6003B81C4 /* en */,
				3A997ECE1563E35E003B81C4 /* ja */,
			);
			name = MainStoryboard.storyboard;
			sourceTree = "<group>";
		};
		3A997EC01563E1E6003B81C4 /* InfoPlist.strings */ = {
			isa = PBXVariantGroup;
			children = (
				3A997EC11563E1E6003B81C4 /* en */,
			);
			name = InfoPlist.strings;
			sourceTree = "<group>";
		};
/* End PBXVariantGroup section */

/* Begin XCBuildConfiguration section */
		3A997EC61563E1E6003B81C4 /* Debug */ = {
			isa = XCBuildConfiguration;
			buildSettings = {
				ALWAYS_SEARCH_USER_PATHS = NO;
				ARCHS = "$(ARCHS_STANDARD_32_BIT)";
				CLANG_ENABLE_OBJC_ARC = YES;
				"CODE_SIGN_IDENTITY[sdk=iphoneos*]" = "iPhone Developer";
				COPY_PHASE_STRIP = NO;
				GCC_C_LANGUAGE_STANDARD = gnu99;
				GCC_DYNAMIC_NO_PIC = NO;
				GCC_OPTIMIZATION_LEVEL = 0;
				GCC_PREPROCESSOR_DEFINITIONS = (
					"DEBUG=1",
					"$(inherited)",
				);
				GCC_SYMBOLS_PRIVATE_EXTERN = NO;
				GCC_VERSION = com.apple.compilers.llvm.clang.1_0;
				GCC_WARN_ABOUT_RETURN_TYPE = YES;
				GCC_WARN_UNINITIALIZED_AUTOS = YES;
				GCC_WARN_UNUSED_VARIABLE = YES;
				IPHONEOS_DEPLOYMENT_TARGET = 5.1;
				SDKROOT = iphoneos;
			};
			name = Debug;
		};
		3A997EC71563E1E6003B81C4 /* Release */ = {
			isa = XCBuildConfiguration;
			buildSettings = {
				ALWAYS_SEARCH_USER_PATHS = NO;
				ARCHS = "$(ARCHS_STANDARD_32_BIT)";
				CLANG_ENABLE_OBJC_ARC = YES;
				"CODE_SIGN_IDENTITY[sdk=iphoneos*]" = "iPhone Developer";
				COPY_PHASE_STRIP = YES;
				GCC_C_LANGUAGE_STANDARD = gnu99;
				GCC_VERSION = com.apple.compilers.llvm.clang.1_0;
				GCC_WARN_ABOUT_RETURN_TYPE = YES;
				GCC_WARN_UNINITIALIZED_AUTOS = YES;
				GCC_WARN_UNUSED_VARIABLE = YES;
				IPHONEOS_DEPLOYMENT_TARGET = 5.1;
				OTHER_CFLAGS = "-DNS_BLOCK_ASSERTIONS=1";
				SDKROOT = iphoneos;
				VALIDATE_PRODUCT = YES;
			};
			name = Release;
		};
		3A997EC91563E1E6003B81C4 /* Debug */ = {
			isa = XCBuildConfiguration;
			buildSettings = {
				CODE_SIGN_IDENTITY = "iPhone Developer";
				GCC_PRECOMPILE_PREFIX_HEADER = YES;
				GCC_PREFIX_HEADER = "kanji/kanji-Prefix.pch";
				INFOPLIST_FILE = "kanji/kanji-Info.plist";
				IPHONEOS_DEPLOYMENT_TARGET = 6.0;
				PRODUCT_NAME = "$(TARGET_NAME)";
				PROVISIONING_PROFILE = "";
				TARGETED_DEVICE_FAMILY = 1;
				WRAPPER_EXTENSION = app;
			};
			name = Debug;
		};
		3A997ECA1563E1E6003B81C4 /* Release */ = {
			isa = XCBuildConfiguration;
			buildSettings = {
				CODE_SIGN_IDENTITY = "iPhone Developer";
				GCC_PRECOMPILE_PREFIX_HEADER = YES;
				GCC_PREFIX_HEADER = "kanji/kanji-Prefix.pch";
				INFOPLIST_FILE = "kanji/kanji-Info.plist";
				IPHONEOS_DEPLOYMENT_TARGET = 6.0;
				PRODUCT_NAME = "$(TARGET_NAME)";
				PROVISIONING_PROFILE = "";
				TARGETED_DEVICE_FAMILY = 1;
				WRAPPER_EXTENSION = app;
			};
			name = Release;
		};
		3A997ECC1563E1E6003B81C4 /* Debug */ = {
			isa = XCBuildConfiguration;
			buildSettings = {
				BUNDLE_LOADER = "$(BUILT_PRODUCTS_DIR)/kanji.app/kanji";
				FRAMEWORK_SEARCH_PATHS = (
					"$(SDKROOT)/Developer/Library/Frameworks",
					"$(DEVELOPER_LIBRARY_DIR)/Frameworks",
				);
				GCC_PRECOMPILE_PREFIX_HEADER = YES;
				GCC_PREFIX_HEADER = "kanji/kanji-Prefix.pch";
				INFOPLIST_FILE = "kanjiTests/kanjiTests-Info.plist";
				PRODUCT_NAME = "$(TARGET_NAME)";
				TEST_HOST = "$(BUNDLE_LOADER)";
				WRAPPER_EXTENSION = octest;
			};
			name = Debug;
		};
		3A997ECD1563E1E6003B81C4 /* Release */ = {
			isa = XCBuildConfiguration;
			buildSettings = {
				BUNDLE_LOADER = "$(BUILT_PRODUCTS_DIR)/kanji.app/kanji";
				FRAMEWORK_SEARCH_PATHS = (
					"$(SDKROOT)/Developer/Library/Frameworks",
					"$(DEVELOPER_LIBRARY_DIR)/Frameworks",
				);
				GCC_PRECOMPILE_PREFIX_HEADER = YES;
				GCC_PREFIX_HEADER = "kanji/kanji-Prefix.pch";
				INFOPLIST_FILE = "kanjiTests/kanjiTests-Info.plist";
				PRODUCT_NAME = "$(TARGET_NAME)";
				TEST_HOST = "$(BUNDLE_LOADER)";
				WRAPPER_EXTENSION = octest;
			};
			name = Release;
		};
/* End XCBuildConfiguration section */

/* Begin XCConfigurationList section */
		3A997E861563E1E5003B81C4 /* Build configuration list for PBXProject "kanji" */ = {
			isa = XCConfigurationList;
			buildConfigurations = (
				3A997EC61563E1E6003B81C4 /* Debug */,
				3A997EC71563E1E6003B81C4 /* Release */,
			);
			defaultConfigurationIsVisible = 0;
			defaultConfigurationName = Release;
		};
		3A997EC81563E1E6003B81C4 /* Build configuration list for PBXNativeTarget "kanji" */ = {
			isa = XCConfigurationList;
			buildConfigurations = (
				3A997EC91563E1E6003B81C4 /* Debug */,
				3A997ECA1563E1E6003B81C4 /* Release */,
			);
			defaultConfigurationIsVisible = 0;
			defaultConfigurationName = Release;
		};
		3A997ECB1563E1E6003B81C4 /* Build configuration list for PBXNativeTarget "kanjiTests" */ = {
			isa = XCConfigurationList;
			buildConfigurations = (
				3A997ECC1563E1E6003B81C4 /* Debug */,
				3A997ECD1563E1E6003B81C4 /* Release */,
			);
			defaultConfigurationIsVisible = 0;
			defaultConfigurationName = Release;
		};
/* End XCConfigurationList section */

/* Begin XCVersionGroup section */
		3A997EA71563E1E6003B81C4 /* kanji.xcdatamodeld */ = {
			isa = XCVersionGroup;
			children = (
				3A997EA81563E1E6003B81C4 /* kanji.xcdatamodel */,
			);
			currentVersion = 3A997EA81563E1E6003B81C4 /* kanji.xcdatamodel */;
			path = kanji.xcdatamodeld;
			sourceTree = "<group>";
			versionGroupType = wrapper.xcdatamodel;
		};
/* End XCVersionGroup section */
	};
	rootObject = 3A997E831563E1E5003B81C4 /* Project object */;
}
